
Microsoft Visual Studio Solution File, Format Version 12.00
# Visual Studio Version 17
VisualStudioVersion = 17.4.33110.190
MinimumVisualStudioVersion = 10.0.40219.1
Project("{8BC9CEB8-8B4A-11D0-8D11-00A0C91BC942}") = "BOJ_3533", "BOJ_3533.vcxproj", "{93D2122E-A7EB-4C8C-8AF6-87A7E3165F1E}"
EndProject
Global
	GlobalSection(SolutionConfigurationPlatforms) = preSolution
		Debug|x64 = Debug|x64
		Release|x64 = Release|x64
	EndGlobalSection
	GlobalSection(ProjectConfigurationPlatforms) = postSolution
		{93D2122E-A7EB-4C8C-8AF6-87A7E3165F1E}.Debug|x64.ActiveCfg = Debug|x64
		{93D2122E-A7EB-4C8C-8AF6-87A7E3165F1E}.Debug|x64.Build.0 = Debug|x64
		{93D2122E-A7EB-4C8C-8AF6-87A7E3165F1E}.Release|x64.ActiveCfg = Release|x64
		{93D2122E-A7EB-4C8C-8AF6-87A7E3165F1E}.Release|x64.Build.0 = Release|x64
	EndGlobalSection
	GlobalSection(SolutionProperties) = preSolution
		HideSolutionNode = FALSE
	EndGlobalSection
	GlobalSection(ExtensibilityGlobals) = postSolution
		SolutionGuid = {D3431270-351F-4A62-B05E-58C19A262A40}
	EndGlobalSection
EndGlobal
